// !$*UTF8*$!
{
	archiveVersion = 1;
	classes = {
	};
	objectVersion = 50;
	objects = {

/* Begin PBXBuildFile section */
		08D6D1BF7EFB3AD50EAB3D66 /* Pods_flixTests.framework in Frameworks */ = {isa = PBXBuildFile; fileRef = B3CC7A79F1D920B15AF0A9B1 /* Pods_flixTests.framework */; };
		2269A41314E79CE4ABB15022 /* Pods_flix.framework in Frameworks */ = {isa = PBXBuildFile; fileRef = 694FA3E9F56261C70B03495C /* Pods_flix.framework */; };
		AAD97003215047AB004BAB34 /* movieCellViewViewController.swift in Sources */ = {isa = PBXBuildFile; fileRef = AAD97002215047AB004BAB34 /* movieCellViewViewController.swift */; };
		AAD9700721560C87004BAB34 /* PosterCell.swift in Sources */ = {isa = PBXBuildFile; fileRef = AAD9700621560C87004BAB34 /* PosterCell.swift */; };
		AAD9700921560CBE004BAB34 /* SuperheroViewController.swift in Sources */ = {isa = PBXBuildFile; fileRef = AAD9700821560CBE004BAB34 /* SuperheroViewController.swift */; };
		AAF0D57D21470AC10049F56E /* AppDelegate.swift in Sources */ = {isa = PBXBuildFile; fileRef = AAF0D57C21470AC10049F56E /* AppDelegate.swift */; };
		AAF0D58221470AC10049F56E /* Main.storyboard in Resources */ = {isa = PBXBuildFile; fileRef = AAF0D58021470AC10049F56E /* Main.storyboard */; };
		AAF0D58421470AC40049F56E /* Assets.xcassets in Resources */ = {isa = PBXBuildFile; fileRef = AAF0D58321470AC40049F56E /* Assets.xcassets */; };
		AAF0D58721470AC40049F56E /* LaunchScreen.storyboard in Resources */ = {isa = PBXBuildFile; fileRef = AAF0D58521470AC40049F56E /* LaunchScreen.storyboard */; };
		AAF0D59221470AC40049F56E /* flixTests.swift in Sources */ = {isa = PBXBuildFile; fileRef = AAF0D59121470AC40049F56E /* flixTests.swift */; };
		AAF0D59D21470AC40049F56E /* flixUITests.swift in Sources */ = {isa = PBXBuildFile; fileRef = AAF0D59C21470AC40049F56E /* flixUITests.swift */; };
		AAF0D5AD214710380049F56E /* NowPlayingViewController.swift in Sources */ = {isa = PBXBuildFile; fileRef = AAF0D5AC214710380049F56E /* NowPlayingViewController.swift */; };
		AAF0D613214CC0E00049F56E /* MovieCell.swift in Sources */ = {isa = PBXBuildFile; fileRef = AAF0D612214CC0E00049F56E /* MovieCell.swift */; };
		E01FB7ABE6512D8891A05DC3 /* Pods_flixUITests.framework in Frameworks */ = {isa = PBXBuildFile; fileRef = CA956F613F5CF755CF386B13 /* Pods_flixUITests.framework */; };
/* End PBXBuildFile section */

/* Begin PBXContainerItemProxy section */
		AAF0D58E21470AC40049F56E /* PBXContainerItemProxy */ = {
			isa = PBXContainerItemProxy;
			containerPortal = AAF0D57121470AC00049F56E /* Project object */;
			proxyType = 1;
			remoteGlobalIDString = AAF0D57821470AC00049F56E;
			remoteInfo = flix;
		};
		AAF0D59921470AC40049F56E /* PBXContainerItemProxy */ = {
			isa = PBXContainerItemProxy;
			containerPortal = AAF0D57121470AC00049F56E /* Project object */;
			proxyType = 1;
			remoteGlobalIDString = AAF0D57821470AC00049F56E;
			remoteInfo = flix;
		};
/* End PBXContainerItemProxy section */

/* Begin PBXFileReference section */
		1F2FE2E7DBD57CF0C82DF07E /* Pods-flixUITests.debug.xcconfig */ = {isa = PBXFileReference; includeInIndex = 1; lastKnownFileType = text.xcconfig; name = "Pods-flixUITests.debug.xcconfig"; path = "Pods/Target Support Files/Pods-flixUITests/Pods-flixUITests.debug.xcconfig"; sourceTree = "<group>"; };
		5042F703BC2BA6E784700047 /* Pods-flix.release.xcconfig */ = {isa = PBXFileReference; includeInIndex = 1; lastKnownFileType = text.xcconfig; name = "Pods-flix.release.xcconfig"; path = "Pods/Target Support Files/Pods-flix/Pods-flix.release.xcconfig"; sourceTree = "<group>"; };
		694FA3E9F56261C70B03495C /* Pods_flix.framework */ = {isa = PBXFileReference; explicitFileType = wrapper.framework; includeInIndex = 0; path = Pods_flix.framework; sourceTree = BUILT_PRODUCTS_DIR; };
		85D1C340F253422CCCA3693A /* Pods-flixTests.debug.xcconfig */ = {isa = PBXFileReference; includeInIndex = 1; lastKnownFileType = text.xcconfig; name = "Pods-flixTests.debug.xcconfig"; path = "Pods/Target Support Files/Pods-flixTests/Pods-flixTests.debug.xcconfig"; sourceTree = "<group>"; };
		AAD97002215047AB004BAB34 /* movieCellViewViewController.swift */ = {isa = PBXFileReference; lastKnownFileType = sourcecode.swift; path = movieCellViewViewController.swift; sourceTree = "<group>"; };
		AAD9700621560C87004BAB34 /* PosterCell.swift */ = {isa = PBXFileReference; lastKnownFileType = sourcecode.swift; path = PosterCell.swift; sourceTree = "<group>"; };
		AAD9700821560CBE004BAB34 /* SuperheroViewController.swift */ = {isa = PBXFileReference; lastKnownFileType = sourcecode.swift; path = SuperheroViewController.swift; sourceTree = "<group>"; };
		AAF0D57921470AC10049F56E /* flix.app */ = {isa = PBXFileReference; explicitFileType = wrapper.application; includeInIndex = 0; path = flix.app; sourceTree = BUILT_PRODUCTS_DIR; };
		AAF0D57C21470AC10049F56E /* AppDelegate.swift */ = {isa = PBXFileReference; lastKnownFileType = sourcecode.swift; path = AppDelegate.swift; sourceTree = "<group>"; };
		AAF0D58121470AC10049F56E /* Base */ = {isa = PBXFileReference; lastKnownFileType = file.storyboard; name = Base; path = Base.lproj/Main.storyboard; sourceTree = "<group>"; };
		AAF0D58321470AC40049F56E /* Assets.xcassets */ = {isa = PBXFileReference; lastKnownFileType = folder.assetcatalog; path = Assets.xcassets; sourceTree = "<group>"; };
		AAF0D58621470AC40049F56E /* Base */ = {isa = PBXFileReference; lastKnownFileType = file.storyboard; name = Base; path = Base.lproj/LaunchScreen.storyboard; sourceTree = "<group>"; };
		AAF0D58821470AC40049F56E /* Info.plist */ = {isa = PBXFileReference; lastKnownFileType = text.plist.xml; path = Info.plist; sourceTree = "<group>"; };
		AAF0D58D21470AC40049F56E /* flixTests.xctest */ = {isa = PBXFileReference; explicitFileType = wrapper.cfbundle; includeInIndex = 0; path = flixTests.xctest; sourceTree = BUILT_PRODUCTS_DIR; };
		AAF0D59121470AC40049F56E /* flixTests.swift */ = {isa = PBXFileReference; lastKnownFileType = sourcecode.swift; path = flixTests.swift; sourceTree = "<group>"; };
		AAF0D59321470AC40049F56E /* Info.plist */ = {isa = PBXFileReference; lastKnownFileType = text.plist.xml; path = Info.plist; sourceTree = "<group>"; };
		AAF0D59821470AC40049F56E /* flixUITests.xctest */ = {isa = PBXFileReference; explicitFileType = wrapper.cfbundle; includeInIndex = 0; path = flixUITests.xctest; sourceTree = BUILT_PRODUCTS_DIR; };
		AAF0D59C21470AC40049F56E /* flixUITests.swift */ = {isa = PBXFileReference; lastKnownFileType = sourcecode.swift; path = flixUITests.swift; sourceTree = "<group>"; };
		AAF0D59E21470AC40049F56E /* Info.plist */ = {isa = PBXFileReference; lastKnownFileType = text.plist.xml; path = Info.plist; sourceTree = "<group>"; };
		AAF0D5AC214710380049F56E /* NowPlayingViewController.swift */ = {isa = PBXFileReference; lastKnownFileType = sourcecode.swift; path = NowPlayingViewController.swift; sourceTree = "<group>"; };
		AAF0D612214CC0E00049F56E /* MovieCell.swift */ = {isa = PBXFileReference; lastKnownFileType = sourcecode.swift; path = MovieCell.swift; sourceTree = "<group>"; };
		B3CC7A79F1D920B15AF0A9B1 /* Pods_flixTests.framework */ = {isa = PBXFileReference; explicitFileType = wrapper.framework; includeInIndex = 0; path = Pods_flixTests.framework; sourceTree = BUILT_PRODUCTS_DIR; };
		BA67394C04AD6800708633A6 /* Pods-flixUITests.release.xcconfig */ = {isa = PBXFileReference; includeInIndex = 1; lastKnownFileType = text.xcconfig; name = "Pods-flixUITests.release.xcconfig"; path = "Pods/Target Support Files/Pods-flixUITests/Pods-flixUITests.release.xcconfig"; sourceTree = "<group>"; };
		BF69EA4938577B1D4FBACA9F /* Pods-flix.debug.xcconfig */ = {isa = PBXFileReference; includeInIndex = 1; lastKnownFileType = text.xcconfig; name = "Pods-flix.debug.xcconfig"; path = "Pods/Target Support Files/Pods-flix/Pods-flix.debug.xcconfig"; sourceTree = "<group>"; };
		C634A7BDF62F4444C7B55CDB /* Pods-flixTests.release.xcconfig */ = {isa = PBXFileReference; includeInIndex = 1; lastKnownFileType = text.xcconfig; name = "Pods-flixTests.release.xcconfig"; path = "Pods/Target Support Files/Pods-flixTests/Pods-flixTests.release.xcconfig"; sourceTree = "<group>"; };
		CA956F613F5CF755CF386B13 /* Pods_flixUITests.framework */ = {isa = PBXFileReference; explicitFileType = wrapper.framework; includeInIndex = 0; path = Pods_flixUITests.framework; sourceTree = BUILT_PRODUCTS_DIR; };
/* End PBXFileReference section */

/* Begin PBXFrameworksBuildPhase section */
		AAF0D57621470AC00049F56E /* Frameworks */ = {
			isa = PBXFrameworksBuildPhase;
			buildActionMask = 2147483647;
			files = (
				2269A41314E79CE4ABB15022 /* Pods_flix.framework in Frameworks */,
			);
			runOnlyForDeploymentPostprocessing = 0;
		};
		AAF0D58A21470AC40049F56E /* Frameworks */ = {
			isa = PBXFrameworksBuildPhase;
			buildActionMask = 2147483647;
			files = (
				08D6D1BF7EFB3AD50EAB3D66 /* Pods_flixTests.framework in Frameworks */,
			);
			runOnlyForDeploymentPostprocessing = 0;
		};
		AAF0D59521470AC40049F56E /* Frameworks */ = {
			isa = PBXFrameworksBuildPhase;
			buildActionMask = 2147483647;
			files = (
				E01FB7ABE6512D8891A05DC3 /* Pods_flixUITests.framework in Frameworks */,
			);
			runOnlyForDeploymentPostprocessing = 0;
		};
/* End PBXFrameworksBuildPhase section */

/* Begin PBXGroup section */
		1956430E8C9C1265DA80BFBB /* Frameworks */ = {
			isa = PBXGroup;
			children = (
				694FA3E9F56261C70B03495C /* Pods_flix.framework */,
				B3CC7A79F1D920B15AF0A9B1 /* Pods_flixTests.framework */,
				CA956F613F5CF755CF386B13 /* Pods_flixUITests.framework */,
			);
			name = Frameworks;
			sourceTree = "<group>";
		};
		51602721CA53066A96BDC1E3 /* Pods */ = {
			isa = PBXGroup;
			children = (
				BF69EA4938577B1D4FBACA9F /* Pods-flix.debug.xcconfig */,
				5042F703BC2BA6E784700047 /* Pods-flix.release.xcconfig */,
				85D1C340F253422CCCA3693A /* Pods-flixTests.debug.xcconfig */,
				C634A7BDF62F4444C7B55CDB /* Pods-flixTests.release.xcconfig */,
				1F2FE2E7DBD57CF0C82DF07E /* Pods-flixUITests.debug.xcconfig */,
				BA67394C04AD6800708633A6 /* Pods-flixUITests.release.xcconfig */,
			);
			name = Pods;
			sourceTree = "<group>";
		};
		AAF0D57021470AC00049F56E = {
			isa = PBXGroup;
			children = (
				AAF0D57B21470AC10049F56E /* flix */,
				AAF0D59021470AC40049F56E /* flixTests */,
				AAF0D59B21470AC40049F56E /* flixUITests */,
				AAF0D57A21470AC10049F56E /* Products */,
				51602721CA53066A96BDC1E3 /* Pods */,
				1956430E8C9C1265DA80BFBB /* Frameworks */,
			);
			sourceTree = "<group>";
		};
		AAF0D57A21470AC10049F56E /* Products */ = {
			isa = PBXGroup;
			children = (
				AAF0D57921470AC10049F56E /* flix.app */,
				AAF0D58D21470AC40049F56E /* flixTests.xctest */,
				AAF0D59821470AC40049F56E /* flixUITests.xctest */,
			);
			name = Products;
			sourceTree = "<group>";
		};
		AAF0D57B21470AC10049F56E /* flix */ = {
			isa = PBXGroup;
			children = (
				AAF0D5AC214710380049F56E /* NowPlayingViewController.swift */,
				AAF0D57C21470AC10049F56E /* AppDelegate.swift */,
				AAF0D58021470AC10049F56E /* Main.storyboard */,
				AAD9700821560CBE004BAB34 /* SuperheroViewController.swift */,
				AAD97002215047AB004BAB34 /* movieCellViewViewController.swift */,
				AAD9700621560C87004BAB34 /* PosterCell.swift */,
				AAF0D58321470AC40049F56E /* Assets.xcassets */,
				AAF0D58521470AC40049F56E /* LaunchScreen.storyboard */,
				AAF0D58821470AC40049F56E /* Info.plist */,
				AAF0D612214CC0E00049F56E /* MovieCell.swift */,
			);
			path = flix;
			sourceTree = "<group>";
		};
		AAF0D59021470AC40049F56E /* flixTests */ = {
			isa = PBXGroup;
			children = (
				AAF0D59121470AC40049F56E /* flixTests.swift */,
				AAF0D59321470AC40049F56E /* Info.plist */,
			);
			path = flixTests;
			sourceTree = "<group>";
		};
		AAF0D59B21470AC40049F56E /* flixUITests */ = {
			isa = PBXGroup;
			children = (
				AAF0D59C21470AC40049F56E /* flixUITests.swift */,
				AAF0D59E21470AC40049F56E /* Info.plist */,
			);
			path = flixUITests;
			sourceTree = "<group>";
		};
/* End PBXGroup section */

/* Begin PBXNativeTarget section */
		AAF0D57821470AC00049F56E /* flix */ = {
			isa = PBXNativeTarget;
			buildConfigurationList = AAF0D5A121470AC40049F56E /* Build configuration list for PBXNativeTarget "flix" */;
			buildPhases = (
				B0AA699BD3E07272DD1315AF /* [CP] Check Pods Manifest.lock */,
				AAF0D57521470AC00049F56E /* Sources */,
				AAF0D57621470AC00049F56E /* Frameworks */,
				AAF0D57721470AC00049F56E /* Resources */,
				9082D81A74C44EC50359C6A7 /* [CP] Embed Pods Frameworks */,
			);
			buildRules = (
			);
			dependencies = (
			);
			name = flix;
			productName = flix;
			productReference = AAF0D57921470AC10049F56E /* flix.app */;
			productType = "com.apple.product-type.application";
		};
		AAF0D58C21470AC40049F56E /* flixTests */ = {
			isa = PBXNativeTarget;
			buildConfigurationList = AAF0D5A421470AC40049F56E /* Build configuration list for PBXNativeTarget "flixTests" */;
			buildPhases = (
				2EFAD1301FC209AF3202AD7F /* [CP] Check Pods Manifest.lock */,
				AAF0D58921470AC40049F56E /* Sources */,
				AAF0D58A21470AC40049F56E /* Frameworks */,
				AAF0D58B21470AC40049F56E /* Resources */,
			);
			buildRules = (
			);
			dependencies = (
				AAF0D58F21470AC40049F56E /* PBXTargetDependency */,
			);
			name = flixTests;
			productName = flixTests;
			productReference = AAF0D58D21470AC40049F56E /* flixTests.xctest */;
			productType = "com.apple.product-type.bundle.unit-test";
		};
		AAF0D59721470AC40049F56E /* flixUITests */ = {
			isa = PBXNativeTarget;
			buildConfigurationList = AAF0D5A721470AC40049F56E /* Build configuration list for PBXNativeTarget "flixUITests" */;
			buildPhases = (
				6F502B86287AA9506235091B /* [CP] Check Pods Manifest.lock */,
				AAF0D59421470AC40049F56E /* Sources */,
				AAF0D59521470AC40049F56E /* Frameworks */,
				AAF0D59621470AC40049F56E /* Resources */,
			);
			buildRules = (
			);
			dependencies = (
				AAF0D59A21470AC40049F56E /* PBXTargetDependency */,
			);
			name = flixUITests;
			productName = flixUITests;
			productReference = AAF0D59821470AC40049F56E /* flixUITests.xctest */;
			productType = "com.apple.product-type.bundle.ui-testing";
		};
/* End PBXNativeTarget section */

/* Begin PBXProject section */
		AAF0D57121470AC00049F56E /* Project object */ = {
			isa = PBXProject;
			attributes = {
				LastSwiftUpdateCheck = 0940;
				LastUpgradeCheck = 0940;
				ORGANIZATIONNAME = "Ryan McCommon";
				TargetAttributes = {
					AAF0D57821470AC00049F56E = {
						CreatedOnToolsVersion = 9.4.1;
					};
					AAF0D58C21470AC40049F56E = {
						CreatedOnToolsVersion = 9.4.1;
						TestTargetID = AAF0D57821470AC00049F56E;
					};
					AAF0D59721470AC40049F56E = {
						CreatedOnToolsVersion = 9.4.1;
						TestTargetID = AAF0D57821470AC00049F56E;
					};
				};
			};
			buildConfigurationList = AAF0D57421470AC00049F56E /* Build configuration list for PBXProject "flix" */;
			compatibilityVersion = "Xcode 9.3";
			developmentRegion = en;
			hasScannedForEncodings = 0;
			knownRegions = (
				en,
				Base,
			);
			mainGroup = AAF0D57021470AC00049F56E;
			productRefGroup = AAF0D57A21470AC10049F56E /* Products */;
			projectDirPath = "";
			projectRoot = "";
			targets = (
				AAF0D57821470AC00049F56E /* flix */,
				AAF0D58C21470AC40049F56E /* flixTests */,
				AAF0D59721470AC40049F56E /* flixUITests */,
			);
		};
/* End PBXProject section */

/* Begin PBXResourcesBuildPhase section */
		AAF0D57721470AC00049F56E /* Resources */ = {
			isa = PBXResourcesBuildPhase;
			buildActionMask = 2147483647;
			files = (
				AAF0D58721470AC40049F56E /* LaunchScreen.storyboard in Resources */,
				AAF0D58421470AC40049F56E /* Assets.xcassets in Resources */,
				AAF0D58221470AC10049F56E /* Main.storyboard in Resources */,
			);
			runOnlyForDeploymentPostprocessing = 0;
		};
		AAF0D58B21470AC40049F56E /* Resources */ = {
			isa = PBXResourcesBuildPhase;
			buildActionMask = 2147483647;
			files = (
			);
			runOnlyForDeploymentPostprocessing = 0;
		};
		AAF0D59621470AC40049F56E /* Resources */ = {
			isa = PBXResourcesBuildPhase;
			buildActionMask = 2147483647;
			files = (
			);
			runOnlyForDeploymentPostprocessing = 0;
		};
/* End PBXResourcesBuildPhase section */

/* Begin PBXShellScriptBuildPhase section */
		2EFAD1301FC209AF3202AD7F /* [CP] Check Pods Manifest.lock */ = {
			isa = PBXShellScriptBuildPhase;
			buildActionMask = 2147483647;
			files = (
			);
			inputPaths = (
				"${PODS_PODFILE_DIR_PATH}/Podfile.lock",
				"${PODS_ROOT}/Manifest.lock",
			);
			name = "[CP] Check Pods Manifest.lock";
			outputPaths = (
				"$(DERIVED_FILE_DIR)/Pods-flixTests-checkManifestLockResult.txt",
			);
			runOnlyForDeploymentPostprocessing = 0;
			shellPath = /bin/sh;
			shellScript = "diff \"${PODS_PODFILE_DIR_PATH}/Podfile.lock\" \"${PODS_ROOT}/Manifest.lock\" > /dev/null\nif [ $? != 0 ] ; then\n    # print error to STDERR\n    echo \"error: The sandbox is not in sync with the Podfile.lock. Run 'pod install' or update your CocoaPods installation.\" >&2\n    exit 1\nfi\n# This output is used by Xcode 'outputs' to avoid re-running this script phase.\necho \"SUCCESS\" > \"${SCRIPT_OUTPUT_FILE_0}\"\n";
			showEnvVarsInLog = 0;
		};
		6F502B86287AA9506235091B /* [CP] Check Pods Manifest.lock */ = {
			isa = PBXShellScriptBuildPhase;
			buildActionMask = 2147483647;
			files = (
			);
			inputPaths = (
				"${PODS_PODFILE_DIR_PATH}/Podfile.lock",
				"${PODS_ROOT}/Manifest.lock",
			);
			name = "[CP] Check Pods Manifest.lock";
			outputPaths = (
				"$(DERIVED_FILE_DIR)/Pods-flixUITests-checkManifestLockResult.txt",
			);
			runOnlyForDeploymentPostprocessing = 0;
			shellPath = /bin/sh;
			shellScript = "diff \"${PODS_PODFILE_DIR_PATH}/Podfile.lock\" \"${PODS_ROOT}/Manifest.lock\" > /dev/null\nif [ $? != 0 ] ; then\n    # print error to STDERR\n    echo \"error: The sandbox is not in sync with the Podfile.lock. Run 'pod install' or update your CocoaPods installation.\" >&2\n    exit 1\nfi\n# This output is used by Xcode 'outputs' to avoid re-running this script phase.\necho \"SUCCESS\" > \"${SCRIPT_OUTPUT_FILE_0}\"\n";
			showEnvVarsInLog = 0;
		};
		9082D81A74C44EC50359C6A7 /* [CP] Embed Pods Frameworks */ = {
			isa = PBXShellScriptBuildPhase;
			buildActionMask = 2147483647;
			files = (
			);
			inputPaths = (
				"${SRCROOT}/Pods/Target Support Files/Pods-flix/Pods-flix-frameworks.sh",
				"${BUILT_PRODUCTS_DIR}/Alamofire/Alamofire.framework",
				"${BUILT_PRODUCTS_DIR}/AlamofireImage/AlamofireImage.framework",
			);
			name = "[CP] Embed Pods Frameworks";
			outputPaths = (
				"${TARGET_BUILD_DIR}/${FRAMEWORKS_FOLDER_PATH}/Alamofire.framework",
				"${TARGET_BUILD_DIR}/${FRAMEWORKS_FOLDER_PATH}/AlamofireImage.framework",
			);
			runOnlyForDeploymentPostprocessing = 0;
			shellPath = /bin/sh;
			shellScript = "\"${SRCROOT}/Pods/Target Support Files/Pods-flix/Pods-flix-frameworks.sh\"\n";
			showEnvVarsInLog = 0;
		};
		B0AA699BD3E07272DD1315AF /* [CP] Check Pods Manifest.lock */ = {
			isa = PBXShellScriptBuildPhase;
			buildActionMask = 2147483647;
			files = (
			);
			inputPaths = (
				"${PODS_PODFILE_DIR_PATH}/Podfile.lock",
				"${PODS_ROOT}/Manifest.lock",
			);
			name = "[CP] Check Pods Manifest.lock";
			outputPaths = (
				"$(DERIVED_FILE_DIR)/Pods-flix-checkManifestLockResult.txt",
			);
			runOnlyForDeploymentPostprocessing = 0;
			shellPath = /bin/sh;
			shellScript = "diff \"${PODS_PODFILE_DIR_PATH}/Podfile.lock\" \"${PODS_ROOT}/Manifest.lock\" > /dev/null\nif [ $? != 0 ] ; then\n    # print error to STDERR\n    echo \"error: The sandbox is not in sync with the Podfile.lock. Run 'pod install' or update your CocoaPods installation.\" >&2\n    exit 1\nfi\n# This output is used by Xcode 'outputs' to avoid re-running this script phase.\necho \"SUCCESS\" > \"${SCRIPT_OUTPUT_FILE_0}\"\n";
			showEnvVarsInLog = 0;
		};
/* End PBXShellScriptBuildPhase section */

/* Begin PBXSourcesBuildPhase section */
		AAF0D57521470AC00049F56E /* Sources */ = {
			isa = PBXSourcesBuildPhase;
			buildActionMask = 2147483647;
			files = (
				AAF0D5AD214710380049F56E /* NowPlayingViewController.swift in Sources */,
				AAD9700721560C87004BAB34 /* PosterCell.swift in Sources */,
				AAD9700921560CBE004BAB34 /* SuperheroViewController.swift in Sources */,
				AAF0D57D21470AC10049F56E /* AppDelegate.swift in Sources */,
				AAD97003215047AB004BAB34 /* movieCellViewViewController.swift in Sources */,
				AAF0D613214CC0E00049F56E /* MovieCell.swift in Sources */,
			);
			runOnlyForDeploymentPostprocessing = 0;
		};
		AAF0D58921470AC40049F56E /* Sources */ = {
			isa = PBXSourcesBuildPhase;
			buildActionMask = 2147483647;
			files = (
				AAF0D59221470AC40049F56E /* flixTests.swift in Sources */,
			);
			runOnlyForDeploymentPostprocessing = 0;
		};
		AAF0D59421470AC40049F56E /* Sources */ = {
			isa = PBXSourcesBuildPhase;
			buildActionMask = 2147483647;
			files = (
				AAF0D59D21470AC40049F56E /* flixUITests.swift in Sources */,
			);
			runOnlyForDeploymentPostprocessing = 0;
		};
/* End PBXSourcesBuildPhase section */

/* Begin PBXTargetDependency section */
		AAF0D58F21470AC40049F56E /* PBXTargetDependency */ = {
			isa = PBXTargetDependency;
			target = AAF0D57821470AC00049F56E /* flix */;
			targetProxy = AAF0D58E21470AC40049F56E /* PBXContainerItemProxy */;
		};
		AAF0D59A21470AC40049F56E /* PBXTargetDependency */ = {
			isa = PBXTargetDependency;
			target = AAF0D57821470AC00049F56E /* flix */;
			targetProxy = AAF0D59921470AC40049F56E /* PBXContainerItemProxy */;
		};
/* End PBXTargetDependency section */

/* Begin PBXVariantGroup section */
		AAF0D58021470AC10049F56E /* Main.storyboard */ = {
			isa = PBXVariantGroup;
			children = (
				AAF0D58121470AC10049F56E /* Base */,
			);
			name = Main.storyboard;
			sourceTree = "<group>";
		};
		AAF0D58521470AC40049F56E /* LaunchScreen.storyboard */ = {
			isa = PBXVariantGroup;
			children = (
				AAF0D58621470AC40049F56E /* Base */,
			);
			name = LaunchScreen.storyboard;
			sourceTree = "<group>";
		};
/* End PBXVariantGroup section */

/* Begin XCBuildConfiguration section */
		AAF0D59F21470AC40049F56E /* Debug */ = {
			isa = XCBuildConfiguration;
			buildSettings = {
				ALWAYS_SEARCH_USER_PATHS = NO;
				CLANG_ANALYZER_NONNULL = YES;
				CLANG_ANALYZER_NUMBER_OBJECT_CONVERSION = YES_AGGRESSIVE;
				CLANG_CXX_LANGUAGE_STANDARD = "gnu++14";
				CLANG_CXX_LIBRARY = "libc++";
				CLANG_ENABLE_MODULES = YES;
				CLANG_ENABLE_OBJC_ARC = YES;
				CLANG_ENABLE_OBJC_WEAK = YES;
				CLANG_WARN_BLOCK_CAPTURE_AUTORELEASING = YES;
				CLANG_WARN_BOOL_CONVERSION = YES;
				CLANG_WARN_COMMA = YES;
				CLANG_WARN_CONSTANT_CONVERSION = YES;
				CLANG_WARN_DEPRECATED_OBJC_IMPLEMENTATIONS = YES;
				CLANG_WARN_DIRECT_OBJC_ISA_USAGE = YES_ERROR;
				CLANG_WARN_DOCUMENTATION_COMMENTS = YES;
				CLANG_WARN_EMPTY_BODY = YES;
				CLANG_WARN_ENUM_CONVERSION = YES;
				CLANG_WARN_INFINITE_RECURSION = YES;
				CLANG_WARN_INT_CONVERSION = YES;
				CLANG_WARN_NON_LITERAL_NULL_CONVERSION = YES;
				CLANG_WARN_OBJC_IMPLICIT_RETAIN_SELF = YES;
				CLANG_WARN_OBJC_LITERAL_CONVERSION = YES;
				CLANG_WARN_OBJC_ROOT_CLASS = YES_ERROR;
				CLANG_WARN_RANGE_LOOP_ANALYSIS = YES;
				CLANG_WARN_STRICT_PROTOTYPES = YES;
				CLANG_WARN_SUSPICIOUS_MOVE = YES;
				CLANG_WARN_UNGUARDED_AVAILABILITY = YES_AGGRESSIVE;
				CLANG_WARN_UNREACHABLE_CODE = YES;
				CLANG_WARN__DUPLICATE_METHOD_MATCH = YES;
				CODE_SIGN_IDENTITY = "iPhone Developer";
				COPY_PHASE_STRIP = NO;
				DEBUG_INFORMATION_FORMAT = dwarf;
				ENABLE_STRICT_OBJC_MSGSEND = YES;
				ENABLE_TESTABILITY = YES;
				GCC_C_LANGUAGE_STANDARD = gnu11;
				GCC_DYNAMIC_NO_PIC = NO;
				GCC_NO_COMMON_BLOCKS = YES;
				GCC_OPTIMIZATION_LEVEL = 0;
				GCC_PREPROCESSOR_DEFINITIONS = (
					"DEBUG=1",
					"$(inherited)",
				);
				GCC_WARN_64_TO_32_BIT_CONVERSION = YES;
				GCC_WARN_ABOUT_RETURN_TYPE = YES_ERROR;
				GCC_WARN_UNDECLARED_SELECTOR = YES;
				GCC_WARN_UNINITIALIZED_AUTOS = YES_AGGRESSIVE;
				GCC_WARN_UNUSED_FUNCTION = YES;
				GCC_WARN_UNUSED_VARIABLE = YES;
				IPHONEOS_DEPLOYMENT_TARGET = 11.4;
				MTL_ENABLE_DEBUG_INFO = YES;
				ONLY_ACTIVE_ARCH = YES;
				SDKROOT = iphoneos;
				SWIFT_ACTIVE_COMPILATION_CONDITIONS = DEBUG;
				SWIFT_OPTIMIZATION_LEVEL = "-Onone";
			};
			name = Debug;
		};
		AAF0D5A021470AC40049F56E /* Release */ = {
			isa = XCBuildConfiguration;
			buildSettings = {
				ALWAYS_SEARCH_USER_PATHS = NO;
				CLANG_ANALYZER_NONNULL = YES;
				CLANG_ANALYZER_NUMBER_OBJECT_CONVERSION = YES_AGGRESSIVE;
				CLANG_CXX_LANGUAGE_STANDARD = "gnu++14";
				CLANG_CXX_LIBRARY = "libc++";
				CLANG_ENABLE_MODULES = YES;
				CLANG_ENABLE_OBJC_ARC = YES;
				CLANG_ENABLE_OBJC_WEAK = YES;
				CLANG_WARN_BLOCK_CAPTURE_AUTORELEASING = YES;
				CLANG_WARN_BOOL_CONVERSION = YES;
				CLANG_WARN_COMMA = YES;
				CLANG_WARN_CONSTANT_CONVERSION = YES;
				CLANG_WARN_DEPRECATED_OBJC_IMPLEMENTATIONS = YES;
				CLANG_WARN_DIRECT_OBJC_ISA_USAGE = YES_ERROR;
				CLANG_WARN_DOCUMENTATION_COMMENTS = YES;
				CLANG_WARN_EMPTY_BODY = YES;
				CLANG_WARN_ENUM_CONVERSION = YES;
				CLANG_WARN_INFINITE_RECURSION = YES;
				CLANG_WARN_INT_CONVERSION = YES;
				CLANG_WARN_NON_LITERAL_NULL_CONVERSION = YES;
				CLANG_WARN_OBJC_IMPLICIT_RETAIN_SELF = YES;
				CLANG_WARN_OBJC_LITERAL_CONVERSION = YES;
				CLANG_WARN_OBJC_ROOT_CLASS = YES_ERROR;
				CLANG_WARN_RANGE_LOOP_ANALYSIS = YES;
				CLANG_WARN_STRICT_PROTOTYPES = YES;
				CLANG_WARN_SUSPICIOUS_MOVE = YES;
				CLANG_WARN_UNGUARDED_AVAILABILITY = YES_AGGRESSIVE;
				CLANG_WARN_UNREACHABLE_CODE = YES;
				CLANG_WARN__DUPLICATE_METHOD_MATCH = YES;
				CODE_SIGN_IDENTITY = "iPhone Developer";
				COPY_PHASE_STRIP = NO;
				DEBUG_INFORMATION_FORMAT = "dwarf-with-dsym";
				ENABLE_NS_ASSERTIONS = NO;
				ENABLE_STRICT_OBJC_MSGSEND = YES;
				GCC_C_LANGUAGE_STANDARD = gnu11;
				GCC_NO_COMMON_BLOCKS = YES;
				GCC_WARN_64_TO_32_BIT_CONVERSION = YES;
				GCC_WARN_ABOUT_RETURN_TYPE = YES_ERROR;
				GCC_WARN_UNDECLARED_SELECTOR = YES;
				GCC_WARN_UNINITIALIZED_AUTOS = YES_AGGRESSIVE;
				GCC_WARN_UNUSED_FUNCTION = YES;
				GCC_WARN_UNUSED_VARIABLE = YES;
				IPHONEOS_DEPLOYMENT_TARGET = 11.4;
				MTL_ENABLE_DEBUG_INFO = NO;
				SDKROOT = iphoneos;
				SWIFT_COMPILATION_MODE = wholemodule;
				SWIFT_OPTIMIZATION_LEVEL = "-O";
				VALIDATE_PRODUCT = YES;
			};
			name = Release;
		};
		AAF0D5A221470AC40049F56E /* Debug */ = {
			isa = XCBuildConfiguration;
			baseConfigurationReference = BF69EA4938577B1D4FBACA9F /* Pods-flix.debug.xcconfig */;
			buildSettings = {
				ASSETCATALOG_COMPILER_APPICON_NAME = AppIcon;
				CODE_SIGN_STYLE = Automatic;
				INFOPLIST_FILE = flix/Info.plist;
				LD_RUNPATH_SEARCH_PATHS = (
					"$(inherited)",
					"@executable_path/Frameworks",
				);
				PRODUCT_BUNDLE_IDENTIFIER = RM.flix;
				PRODUCT_NAME = "$(TARGET_NAME)";
				SWIFT_VERSION = 4.0;
				TARGETED_DEVICE_FAMILY = "1,2";
			};
			name = Debug;
		};
		AAF0D5A321470AC40049F56E /* Release */ = {
			isa = XCBuildConfiguration;
			baseConfigurationReference = 5042F703BC2BA6E784700047 /* Pods-flix.release.xcconfig */;
			buildSettings = {
				ASSETCATALOG_COMPILER_APPICON_NAME = AppIcon;
				CODE_SIGN_STYLE = Automatic;
				INFOPLIST_FILE = flix/Info.plist;
				LD_RUNPATH_SEARCH_PATHS = (
					"$(inherited)",
					"@executable_path/Frameworks",
				);
				PRODUCT_BUNDLE_IDENTIFIER = RM.flix;
				PRODUCT_NAME = "$(TARGET_NAME)";
				SWIFT_VERSION = 4.0;
				TARGETED_DEVICE_FAMILY = "1,2";
			};
			name = Release;
		};
		AAF0D5A521470AC40049F56E /* Debug */ = {
			isa = XCBuildConfiguration;
			baseConfigurationReference = 85D1C340F253422CCCA3693A /* Pods-flixTests.debug.xcconfig */;
			buildSettings = {
				ALWAYS_EMBED_SWIFT_STANDARD_LIBRARIES = YES;
				BUNDLE_LOADER = "$(TEST_HOST)";
				CODE_SIGN_STYLE = Automatic;
				INFOPLIST_FILE = flixTests/Info.plist;
				LD_RUNPATH_SEARCH_PATHS = (
					"$(inherited)",
					"@executable_path/Frameworks",
					"@loader_path/Frameworks",
				);
				PRODUCT_BUNDLE_IDENTIFIER = RM.flixTests;
				PRODUCT_NAME = "$(TARGET_NAME)";
				SWIFT_VERSION = 4.0;
				TARGETED_DEVICE_FAMILY = "1,2";
				TEST_HOST = "$(BUILT_PRODUCTS_DIR)/flix.app/flix";
			};
			name = Debug;
		};
		AAF0D5A621470AC40049F56E /* Release */ = {
			isa = XCBuildConfiguration;
			baseConfigurationReference = C634A7BDF62F4444C7B55CDB /* Pods-flixTests.release.xcconfig */;
			buildSettings = {
				ALWAYS_EMBED_SWIFT_STANDARD_LIBRARIES = YES;
				BUNDLE_LOADER = "$(TEST_HOST)";
				CODE_SIGN_STYLE = Automatic;
				INFOPLIST_FILE = flixTests/Info.plist;
				LD_RUNPATH_SEARCH_PATHS = (
					"$(inherited)",
					"@executable_path/Frameworks",
					"@loader_path/Frameworks",
				);
				PRODUCT_BUNDLE_IDENTIFIER = RM.flixTests;
				PRODUCT_NAME = "$(TARGET_NAME)";
				SWIFT_VERSION = 4.0;
				TARGETED_DEVICE_FAMILY = "1,2";
				TEST_HOST = "$(BUILT_PRODUCTS_DIR)/flix.app/flix";
			};
			name = Release;
		};
		AAF0D5A821470AC40049F56E /* Debug */ = {
			isa = XCBuildConfiguration;
			baseConfigurationReference = 1F2FE2E7DBD57CF0C82DF07E /* Pods-flixUITests.debug.xcconfig */;
			buildSettings = {
				ALWAYS_EMBED_SWIFT_STANDARD_LIBRARIES = YES;
				CODE_SIGN_STYLE = Automatic;
				INFOPLIST_FILE = flixUITests/Info.plist;
				LD_RUNPATH_SEARCH_PATHS = (
					"$(inherited)",
					"@executable_path/Frameworks",
					"@loader_path/Frameworks",
				);
				PRODUCT_BUNDLE_IDENTIFIER = RM.flixUITests;
				PRODUCT_NAME = "$(TARGET_NAME)";
				SWIFT_VERSION = 4.0;
				TARGETED_DEVICE_FAMILY = "1,2";
				TEST_TARGET_NAME = flix;
			};
			name = Debug;
		};
		AAF0D5A921470AC40049F56E /* Release */ = {
			isa = XCBuildConfiguration;
			baseConfigurationReference = BA67394C04AD6800708633A6 /* Pods-flixUITests.release.xcconfig */;
			buildSettings = {
				ALWAYS_EMBED_SWIFT_STANDARD_LIBRARIES = YES;
				CODE_SIGN_STYLE = Automatic;
				INFOPLIST_FILE = flixUITests/Info.plist;
				LD_RUNPATH_SEARCH_PATHS = (
					"$(inherited)",
					"@executable_path/Frameworks",
					"@loader_path/Frameworks",
				);
				PRODUCT_BUNDLE_IDENTIFIER = RM.flixUITests;
				PRODUCT_NAME = "$(TARGET_NAME)";
				SWIFT_VERSION = 4.0;
				TARGETED_DEVICE_FAMILY = "1,2";
				TEST_TARGET_NAME = flix;
			};
			name = Release;
		};
/* End XCBuildConfiguration section */

/* Begin XCConfigurationList section */
		AAF0D57421470AC00049F56E /* Build configuration list for PBXProject "flix" */ = {
			isa = XCConfigurationList;
			buildConfigurations = (
				AAF0D59F21470AC40049F56E /* Debug */,
				AAF0D5A021470AC40049F56E /* Release */,
			);
			defaultConfigurationIsVisible = 0;
			defaultConfigurationName = Release;
		};
		AAF0D5A121470AC40049F56E /* Build configuration list for PBXNativeTarget "flix" */ = {
			isa = XCConfigurationList;
			buildConfigurations = (
				AAF0D5A221470AC40049F56E /* Debug */,
				AAF0D5A321470AC40049F56E /* Release */,
			);
			defaultConfigurationIsVisible = 0;
			defaultConfigurationName = Release;
		};
		AAF0D5A421470AC40049F56E /* Build configuration list for PBXNativeTarget "flixTests" */ = {
			isa = XCConfigurationList;
			buildConfigurations = (
				AAF0D5A521470AC40049F56E /* Debug */,
				AAF0D5A621470AC40049F56E /* Release */,
			);
			defaultConfigurationIsVisible = 0;
			defaultConfigurationName = Release;
		};
		AAF0D5A721470AC40049F56E /* Build configuration list for PBXNativeTarget "flixUITests" */ = {
			isa = XCConfigurationList;
			buildConfigurations = (
				AAF0D5A821470AC40049F56E /* Debug */,
				AAF0D5A921470AC40049F56E /* Release */,
			);
			defaultConfigurationIsVisible = 0;
			defaultConfigurationName = Release;
		};
/* End XCConfigurationList section */
	};
	rootObject = AAF0D57121470AC00049F56E /* Project object */;
}
